# THIS IS AN AUTOGENERATED FILE. DO NOT EDIT THIS FILE DIRECTLY.
# yarn lockfile v1


lodash@^4.17.15:
  version "4.17.20"
  resolved "https://registry.yarnpkg.com/lodash/-/lodash-4.17.20.tgz#b44a9b6297bcb698f1c51a3545a2b3b368d59c52"
  integrity sha512-PlhdFcillOINfeV7Ni6oF1TAEayyZBoZ8bcshTHqOYJYlrqzRK5hagpagky5o4HfCzzd1TRkXPMFq6cKk9rGmA==

serverless-iam-roles-per-function@^2.0.2:
  version "2.0.2"
  resolved "https://registry.yarnpkg.com/serverless-iam-roles-per-function/-/serverless-iam-roles-per-function-2.0.2.tgz#c64eb2f34552e59d5fb8cb2169ebbd27734a6774"
  integrity sha512-3zv4Af3x7KJHC4fuJMHniEEstCljMghReaYIg94Spdsqkhiy8GJ3yfJ5Jy+wiG/DvyObK91JJNMjLhDnDc+vCQ==
  dependencies:
    lodash "^4.17.15"

serverless-plugin-datadog@^2.6.0:
  version "2.6.0"
  resolved "https://registry.yarnpkg.com/serverless-plugin-datadog/-/serverless-plugin-datadog-2.6.0.tgz#01c182ff0bc575fb24ecd41a8a22bac716164936"
  integrity sha512-JgrzF+CyBL6qTMhcVKsJn2adyPAMm2IRTezieyW8kWUFUU8IDDF6RlTLU0bBRMgsDc2c7KpmRd2mmo55y+0OzA==
